// !$*UTF8*$!
{
	archiveVersion = 1;
	classes = {
	};
	objectVersion = 50;
	objects = {

/* Begin PBXBuildFile section */
		960ED8902392C3220037675A /* quadrilateralPyramid.obj in Resources */ = {isa = PBXBuildFile; fileRef = 960ED88F2392C3220037675A /* quadrilateralPyramid.obj */; };
		960ED8922392C3950037675A /* QuadrilateralPyramid.swift in Sources */ = {isa = PBXBuildFile; fileRef = 960ED8912392C3950037675A /* QuadrilateralPyramid.swift */; };
		961720EA23789059008E1298 /* AppDelegate.swift in Sources */ = {isa = PBXBuildFile; fileRef = 961720E923789059008E1298 /* AppDelegate.swift */; };
		961720EC23789059008E1298 /* GameViewController.swift in Sources */ = {isa = PBXBuildFile; fileRef = 961720EB23789059008E1298 /* GameViewController.swift */; };
		961720F123789059008E1298 /* Main.storyboard in Resources */ = {isa = PBXBuildFile; fileRef = 961720EF23789059008E1298 /* Main.storyboard */; };
		961720F32378905C008E1298 /* Assets.xcassets in Resources */ = {isa = PBXBuildFile; fileRef = 961720F22378905C008E1298 /* Assets.xcassets */; };
		961720F62378905C008E1298 /* LaunchScreen.storyboard in Resources */ = {isa = PBXBuildFile; fileRef = 961720F42378905C008E1298 /* LaunchScreen.storyboard */; };
		961720FE2378906A008E1298 /* Cube.swift in Sources */ = {isa = PBXBuildFile; fileRef = 961720FD2378906A008E1298 /* Cube.swift */; };
		963112A924A152E30080B421 /* Game.swift in Sources */ = {isa = PBXBuildFile; fileRef = 963112A824A152E30080B421 /* Game.swift */; };
		963112AB24A15BB00080B421 /* GameDelegate.swift in Sources */ = {isa = PBXBuildFile; fileRef = 963112AA24A15BB00080B421 /* GameDelegate.swift */; };
		963112AD24A15BCC0080B421 /* Board.swift in Sources */ = {isa = PBXBuildFile; fileRef = 963112AC24A15BCC0080B421 /* Board.swift */; };
		963112AF24A1695B0080B421 /* PlaceBoardView.swift in Sources */ = {isa = PBXBuildFile; fileRef = 963112AE24A1695B0080B421 /* PlaceBoardView.swift */; };
		963112B324A1B0EC0080B421 /* CountDownView.swift in Sources */ = {isa = PBXBuildFile; fileRef = 963112B224A1B0EC0080B421 /* CountDownView.swift */; };
		9639DDB6243BFA87000B309F /* UIColor.swift in Sources */ = {isa = PBXBuildFile; fileRef = 9639DDB5243BFA87000B309F /* UIColor.swift */; };
		9639DDB9243BFC30000B309F /* HomeButtonView.swift in Sources */ = {isa = PBXBuildFile; fileRef = 9639DDB8243BFC30000B309F /* HomeButtonView.swift */; };
		9639DDBB243C07B7000B309F /* ArrowButtonView.swift in Sources */ = {isa = PBXBuildFile; fileRef = 9639DDBA243C07B7000B309F /* ArrowButtonView.swift */; };
		9639DDBD243D5AE2000B309F /* cube.obj in Resources */ = {isa = PBXBuildFile; fileRef = 9639DDBC243D5AE2000B309F /* cube.obj */; };
		9639DDBF2445372B000B309F /* TimerView.swift in Sources */ = {isa = PBXBuildFile; fileRef = 9639DDBE2445372B000B309F /* TimerView.swift */; };
		9639DDC124453F6C000B309F /* PointsView.swift in Sources */ = {isa = PBXBuildFile; fileRef = 9639DDC024453F6C000B309F /* PointsView.swift */; };
		9639DDC324454708000B309F /* EndGameView.swift in Sources */ = {isa = PBXBuildFile; fileRef = 9639DDC224454708000B309F /* EndGameView.swift */; };
		9639DDC524467331000B309F /* ConstructViewController.swift in Sources */ = {isa = PBXBuildFile; fileRef = 9639DDC424467331000B309F /* ConstructViewController.swift */; };
		9639DDC82460F74B000B309F /* StartGameView.swift in Sources */ = {isa = PBXBuildFile; fileRef = 9639DDC72460F74B000B309F /* StartGameView.swift */; };
		96581785239612FB004C90D0 /* Floor.swift in Sources */ = {isa = PBXBuildFile; fileRef = 96581784239612FB004C90D0 /* Floor.swift */; };
		965855E424A29A4600521454 /* Array.swift in Sources */ = {isa = PBXBuildFile; fileRef = 965855E324A29A4600521454 /* Array.swift */; };
		969CBC59243BF52B002152AA /* HomeViewController.swift in Sources */ = {isa = PBXBuildFile; fileRef = 969CBC58243BF52B002152AA /* HomeViewController.swift */; };
		96B5639324218707006D595B /* triangularPrism.obj in Resources */ = {isa = PBXBuildFile; fileRef = 96B5639224218707006D595B /* triangularPrism.obj */; };
		96B5639524218892006D595B /* semiSphere.obj in Resources */ = {isa = PBXBuildFile; fileRef = 96B5639424218892006D595B /* semiSphere.obj */; };
		96B5639E24219398006D595B /* cylinder.obj in Resources */ = {isa = PBXBuildFile; fileRef = 96B5639D24219398006D595B /* cylinder.obj */; };
		96B563A224219637006D595B /* pentagonalPrism.obj in Resources */ = {isa = PBXBuildFile; fileRef = 96B563A124219637006D595B /* pentagonalPrism.obj */; };
		96B563A42421966A006D595B /* octahedron.obj in Resources */ = {isa = PBXBuildFile; fileRef = 96B563A32421966A006D595B /* octahedron.obj */; };
		96B563A6242196BD006D595B /* tetrahedron.obj in Resources */ = {isa = PBXBuildFile; fileRef = 96B563A5242196BD006D595B /* tetrahedron.obj */; };
		96B563A824219AB3006D595B /* cone.obj in Resources */ = {isa = PBXBuildFile; fileRef = 96B563A724219AB3006D595B /* cone.obj */; };
		96B563AA24219BD5006D595B /* pentagonalPyramid.obj in Resources */ = {isa = PBXBuildFile; fileRef = 96B563A924219BD5006D595B /* pentagonalPyramid.obj */; };
		96B563AD24256D4D006D595B /* TriangularPrism.swift in Sources */ = {isa = PBXBuildFile; fileRef = 96B563AC24256D4D006D595B /* TriangularPrism.swift */; };
		96B563AF24256FFE006D595B /* SemiSphere.swift in Sources */ = {isa = PBXBuildFile; fileRef = 96B563AE24256FFE006D595B /* SemiSphere.swift */; };
		96B563B1242570B2006D595B /* Cylinder.swift in Sources */ = {isa = PBXBuildFile; fileRef = 96B563B0242570B2006D595B /* Cylinder.swift */; };
		96B563B3242570F5006D595B /* PentagonalPrism.swift in Sources */ = {isa = PBXBuildFile; fileRef = 96B563B2242570F5006D595B /* PentagonalPrism.swift */; };
		96B563B52425715E006D595B /* Octahedron.swift in Sources */ = {isa = PBXBuildFile; fileRef = 96B563B42425715E006D595B /* Octahedron.swift */; };
		96B563B724257304006D595B /* Tetrahedron.swift in Sources */ = {isa = PBXBuildFile; fileRef = 96B563B624257304006D595B /* Tetrahedron.swift */; };
		96B563B92425758F006D595B /* Cone.swift in Sources */ = {isa = PBXBuildFile; fileRef = 96B563B82425758F006D595B /* Cone.swift */; };
		96B563BB242576FC006D595B /* PentagonalPyramid.swift in Sources */ = {isa = PBXBuildFile; fileRef = 96B563BA242576FC006D595B /* PentagonalPyramid.swift */; };
		96B563BD24297D90006D595B /* GeometryEntity.swift in Sources */ = {isa = PBXBuildFile; fileRef = 96B563BC24297D90006D595B /* GeometryEntity.swift */; };
/* End PBXBuildFile section */

/* Begin PBXFileReference section */
		960ED88F2392C3220037675A /* quadrilateralPyramid.obj */ = {isa = PBXFileReference; fileEncoding = 4; lastKnownFileType = text; path = quadrilateralPyramid.obj; sourceTree = "<group>"; };
		960ED8912392C3950037675A /* QuadrilateralPyramid.swift */ = {isa = PBXFileReference; lastKnownFileType = sourcecode.swift; path = QuadrilateralPyramid.swift; sourceTree = "<group>"; };
		961720E623789059008E1298 /* TccPrototipo.app */ = {isa = PBXFileReference; explicitFileType = wrapper.application; includeInIndex = 0; path = TccPrototipo.app; sourceTree = BUILT_PRODUCTS_DIR; };
		961720E923789059008E1298 /* AppDelegate.swift */ = {isa = PBXFileReference; lastKnownFileType = sourcecode.swift; path = AppDelegate.swift; sourceTree = "<group>"; };
		961720EB23789059008E1298 /* GameViewController.swift */ = {isa = PBXFileReference; lastKnownFileType = sourcecode.swift; path = GameViewController.swift; sourceTree = "<group>"; };
		961720F023789059008E1298 /* Base */ = {isa = PBXFileReference; lastKnownFileType = file.storyboard; name = Base; path = Base.lproj/Main.storyboard; sourceTree = "<group>"; };
		961720F22378905C008E1298 /* Assets.xcassets */ = {isa = PBXFileReference; lastKnownFileType = folder.assetcatalog; path = Assets.xcassets; sourceTree = "<group>"; };
		961720F52378905C008E1298 /* Base */ = {isa = PBXFileReference; lastKnownFileType = file.storyboard; name = Base; path = Base.lproj/LaunchScreen.storyboard; sourceTree = "<group>"; };
		961720F72378905C008E1298 /* Info.plist */ = {isa = PBXFileReference; lastKnownFileType = text.plist.xml; path = Info.plist; sourceTree = "<group>"; };
		961720FD2378906A008E1298 /* Cube.swift */ = {isa = PBXFileReference; lastKnownFileType = sourcecode.swift; path = Cube.swift; sourceTree = "<group>"; };
		963112A824A152E30080B421 /* Game.swift */ = {isa = PBXFileReference; lastKnownFileType = sourcecode.swift; path = Game.swift; sourceTree = "<group>"; };
		963112AA24A15BB00080B421 /* GameDelegate.swift */ = {isa = PBXFileReference; lastKnownFileType = sourcecode.swift; path = GameDelegate.swift; sourceTree = "<group>"; };
		963112AC24A15BCC0080B421 /* Board.swift */ = {isa = PBXFileReference; lastKnownFileType = sourcecode.swift; path = Board.swift; sourceTree = "<group>"; };
		963112AE24A1695B0080B421 /* PlaceBoardView.swift */ = {isa = PBXFileReference; lastKnownFileType = sourcecode.swift; path = PlaceBoardView.swift; sourceTree = "<group>"; };
		963112B224A1B0EC0080B421 /* CountDownView.swift */ = {isa = PBXFileReference; lastKnownFileType = sourcecode.swift; path = CountDownView.swift; sourceTree = "<group>"; };
		9639DDB5243BFA87000B309F /* UIColor.swift */ = {isa = PBXFileReference; lastKnownFileType = sourcecode.swift; path = UIColor.swift; sourceTree = "<group>"; };
		9639DDB8243BFC30000B309F /* HomeButtonView.swift */ = {isa = PBXFileReference; lastKnownFileType = sourcecode.swift; path = HomeButtonView.swift; sourceTree = "<group>"; };
		9639DDBA243C07B7000B309F /* ArrowButtonView.swift */ = {isa = PBXFileReference; lastKnownFileType = sourcecode.swift; path = ArrowButtonView.swift; sourceTree = "<group>"; };
		9639DDBC243D5AE2000B309F /* cube.obj */ = {isa = PBXFileReference; fileEncoding = 4; lastKnownFileType = text; path = cube.obj; sourceTree = "<group>"; };
		9639DDBE2445372B000B309F /* TimerView.swift */ = {isa = PBXFileReference; lastKnownFileType = sourcecode.swift; path = TimerView.swift; sourceTree = "<group>"; };
		9639DDC024453F6C000B309F /* PointsView.swift */ = {isa = PBXFileReference; lastKnownFileType = sourcecode.swift; path = PointsView.swift; sourceTree = "<group>"; };
		9639DDC224454708000B309F /* EndGameView.swift */ = {isa = PBXFileReference; lastKnownFileType = sourcecode.swift; path = EndGameView.swift; sourceTree = "<group>"; };
		9639DDC424467331000B309F /* ConstructViewController.swift */ = {isa = PBXFileReference; lastKnownFileType = sourcecode.swift; path = ConstructViewController.swift; sourceTree = "<group>"; };
		9639DDC72460F74B000B309F /* StartGameView.swift */ = {isa = PBXFileReference; lastKnownFileType = sourcecode.swift; path = StartGameView.swift; sourceTree = "<group>"; };
		96581784239612FB004C90D0 /* Floor.swift */ = {isa = PBXFileReference; lastKnownFileType = sourcecode.swift; path = Floor.swift; sourceTree = "<group>"; };
		965855E324A29A4600521454 /* Array.swift */ = {isa = PBXFileReference; lastKnownFileType = sourcecode.swift; path = Array.swift; sourceTree = "<group>"; };
		969CBC58243BF52B002152AA /* HomeViewController.swift */ = {isa = PBXFileReference; lastKnownFileType = sourcecode.swift; path = HomeViewController.swift; sourceTree = "<group>"; };
		96B5639224218707006D595B /* triangularPrism.obj */ = {isa = PBXFileReference; fileEncoding = 4; lastKnownFileType = text; path = triangularPrism.obj; sourceTree = "<group>"; };
		96B5639424218892006D595B /* semiSphere.obj */ = {isa = PBXFileReference; fileEncoding = 4; lastKnownFileType = text; path = semiSphere.obj; sourceTree = "<group>"; };
		96B5639D24219398006D595B /* cylinder.obj */ = {isa = PBXFileReference; fileEncoding = 4; lastKnownFileType = text; path = cylinder.obj; sourceTree = "<group>"; };
		96B563A124219637006D595B /* pentagonalPrism.obj */ = {isa = PBXFileReference; fileEncoding = 4; lastKnownFileType = text; path = pentagonalPrism.obj; sourceTree = "<group>"; };
		96B563A32421966A006D595B /* octahedron.obj */ = {isa = PBXFileReference; fileEncoding = 4; lastKnownFileType = text; path = octahedron.obj; sourceTree = "<group>"; };
		96B563A5242196BD006D595B /* tetrahedron.obj */ = {isa = PBXFileReference; fileEncoding = 4; lastKnownFileType = text; path = tetrahedron.obj; sourceTree = "<group>"; };
		96B563A724219AB3006D595B /* cone.obj */ = {isa = PBXFileReference; fileEncoding = 4; lastKnownFileType = text; path = cone.obj; sourceTree = "<group>"; };
		96B563A924219BD5006D595B /* pentagonalPyramid.obj */ = {isa = PBXFileReference; fileEncoding = 4; lastKnownFileType = text; path = pentagonalPyramid.obj; sourceTree = "<group>"; };
		96B563AC24256D4D006D595B /* TriangularPrism.swift */ = {isa = PBXFileReference; lastKnownFileType = sourcecode.swift; path = TriangularPrism.swift; sourceTree = "<group>"; };
		96B563AE24256FFE006D595B /* SemiSphere.swift */ = {isa = PBXFileReference; lastKnownFileType = sourcecode.swift; path = SemiSphere.swift; sourceTree = "<group>"; };
		96B563B0242570B2006D595B /* Cylinder.swift */ = {isa = PBXFileReference; lastKnownFileType = sourcecode.swift; path = Cylinder.swift; sourceTree = "<group>"; };
		96B563B2242570F5006D595B /* PentagonalPrism.swift */ = {isa = PBXFileReference; lastKnownFileType = sourcecode.swift; path = PentagonalPrism.swift; sourceTree = "<group>"; };
		96B563B42425715E006D595B /* Octahedron.swift */ = {isa = PBXFileReference; lastKnownFileType = sourcecode.swift; path = Octahedron.swift; sourceTree = "<group>"; };
		96B563B624257304006D595B /* Tetrahedron.swift */ = {isa = PBXFileReference; lastKnownFileType = sourcecode.swift; path = Tetrahedron.swift; sourceTree = "<group>"; };
		96B563B82425758F006D595B /* Cone.swift */ = {isa = PBXFileReference; lastKnownFileType = sourcecode.swift; path = Cone.swift; sourceTree = "<group>"; };
		96B563BA242576FC006D595B /* PentagonalPyramid.swift */ = {isa = PBXFileReference; lastKnownFileType = sourcecode.swift; path = PentagonalPyramid.swift; sourceTree = "<group>"; };
		96B563BC24297D90006D595B /* GeometryEntity.swift */ = {isa = PBXFileReference; lastKnownFileType = sourcecode.swift; path = GeometryEntity.swift; sourceTree = "<group>"; };
/* End PBXFileReference section */

/* Begin PBXFrameworksBuildPhase section */
		961720E323789059008E1298 /* Frameworks */ = {
			isa = PBXFrameworksBuildPhase;
			buildActionMask = 2147483647;
			files = (
			);
			runOnlyForDeploymentPostprocessing = 0;
		};
/* End PBXFrameworksBuildPhase section */

/* Begin PBXGroup section */
		961720DD23789059008E1298 = {
			isa = PBXGroup;
			children = (
				961720E823789059008E1298 /* TccPrototipo */,
				961720E723789059008E1298 /* Products */,
			);
			sourceTree = "<group>";
		};
		961720E723789059008E1298 /* Products */ = {
			isa = PBXGroup;
			children = (
				961720E623789059008E1298 /* TccPrototipo.app */,
			);
			name = Products;
			sourceTree = "<group>";
		};
		961720E823789059008E1298 /* TccPrototipo */ = {
			isa = PBXGroup;
			children = (
				96B563AB24256D29006D595B /* Model */,
				969CBC57243BF4EE002152AA /* Controller */,
				9639DDB7243BFC0C000B309F /* View */,
				961720E923789059008E1298 /* AppDelegate.swift */,
				961720EF23789059008E1298 /* Main.storyboard */,
				961720F22378905C008E1298 /* Assets.xcassets */,
				9639DDBC243D5AE2000B309F /* cube.obj */,
				960ED88F2392C3220037675A /* quadrilateralPyramid.obj */,
				96B5639224218707006D595B /* triangularPrism.obj */,
				96B5639424218892006D595B /* semiSphere.obj */,
				96B5639D24219398006D595B /* cylinder.obj */,
				96B563A124219637006D595B /* pentagonalPrism.obj */,
				96B563A32421966A006D595B /* octahedron.obj */,
				96B563A5242196BD006D595B /* tetrahedron.obj */,
				96B563A724219AB3006D595B /* cone.obj */,
				96B563A924219BD5006D595B /* pentagonalPyramid.obj */,
				961720F42378905C008E1298 /* LaunchScreen.storyboard */,
				961720F72378905C008E1298 /* Info.plist */,
				9639DDB5243BFA87000B309F /* UIColor.swift */,
				965855E324A29A4600521454 /* Array.swift */,
			);
			path = TccPrototipo;
			sourceTree = "<group>";
		};
		963112A724A152C90080B421 /* Geometries */ = {
			isa = PBXGroup;
			children = (
				961720FD2378906A008E1298 /* Cube.swift */,
				960ED8912392C3950037675A /* QuadrilateralPyramid.swift */,
				96B563AC24256D4D006D595B /* TriangularPrism.swift */,
				96B563AE24256FFE006D595B /* SemiSphere.swift */,
				96B563B0242570B2006D595B /* Cylinder.swift */,
				96B563B2242570F5006D595B /* PentagonalPrism.swift */,
				96B563B42425715E006D595B /* Octahedron.swift */,
				96B563B624257304006D595B /* Tetrahedron.swift */,
				96B563B82425758F006D595B /* Cone.swift */,
				96B563BA242576FC006D595B /* PentagonalPyramid.swift */,
				96B563BC24297D90006D595B /* GeometryEntity.swift */,
				96581784239612FB004C90D0 /* Floor.swift */,
			);
			path = Geometries;
			sourceTree = "<group>";
		};
		9639DDB7243BFC0C000B309F /* View */ = {
			isa = PBXGroup;
			children = (
				9639DDB8243BFC30000B309F /* HomeButtonView.swift */,
				9639DDBA243C07B7000B309F /* ArrowButtonView.swift */,
				9639DDBE2445372B000B309F /* TimerView.swift */,
				9639DDC024453F6C000B309F /* PointsView.swift */,
				963112AE24A1695B0080B421 /* PlaceBoardView.swift */,
				9639DDC72460F74B000B309F /* StartGameView.swift */,
				9639DDC224454708000B309F /* EndGameView.swift */,
				963112B224A1B0EC0080B421 /* CountDownView.swift */,
			);
			path = View;
			sourceTree = "<group>";
		};
		969CBC57243BF4EE002152AA /* Controller */ = {
			isa = PBXGroup;
			children = (
				969CBC58243BF52B002152AA /* HomeViewController.swift */,
				961720EB23789059008E1298 /* GameViewController.swift */,
				9639DDC424467331000B309F /* ConstructViewController.swift */,
			);
			path = Controller;
			sourceTree = "<group>";
		};
		96B563AB24256D29006D595B /* Model */ = {
			isa = PBXGroup;
			children = (
				963112A724A152C90080B421 /* Geometries */,
				963112A824A152E30080B421 /* Game.swift */,
				963112AA24A15BB00080B421 /* GameDelegate.swift */,
				963112AC24A15BCC0080B421 /* Board.swift */,
			);
			path = Model;
			sourceTree = "<group>";
		};
/* End PBXGroup section */

/* Begin PBXNativeTarget section */
		961720E523789059008E1298 /* TccPrototipo */ = {
			isa = PBXNativeTarget;
			buildConfigurationList = 961720FA2378905C008E1298 /* Build configuration list for PBXNativeTarget "TccPrototipo" */;
			buildPhases = (
				961720E223789059008E1298 /* Sources */,
				961720E323789059008E1298 /* Frameworks */,
				961720E423789059008E1298 /* Resources */,
			);
			buildRules = (
			);
			dependencies = (
			);
			name = TccPrototipo;
			productName = TccPrototipo;
			productReference = 961720E623789059008E1298 /* TccPrototipo.app */;
			productType = "com.apple.product-type.application";
		};
/* End PBXNativeTarget section */

/* Begin PBXProject section */
		961720DE23789059008E1298 /* Project object */ = {
			isa = PBXProject;
			attributes = {
				LastSwiftUpdateCheck = 1120;
				LastUpgradeCheck = 1120;
				ORGANIZATIONNAME = "Julia Maria Santos";
				TargetAttributes = {
					961720E523789059008E1298 = {
						CreatedOnToolsVersion = 11.2;
					};
				};
			};
			buildConfigurationList = 961720E123789059008E1298 /* Build configuration list for PBXProject "TccPrototipo" */;
			compatibilityVersion = "Xcode 9.3";
			developmentRegion = en;
			hasScannedForEncodings = 0;
			knownRegions = (
				en,
				Base,
			);
			mainGroup = 961720DD23789059008E1298;
			productRefGroup = 961720E723789059008E1298 /* Products */;
			projectDirPath = "";
			projectRoot = "";
			targets = (
				961720E523789059008E1298 /* TccPrototipo */,
			);
		};
/* End PBXProject section */

/* Begin PBXResourcesBuildPhase section */
		961720E423789059008E1298 /* Resources */ = {
			isa = PBXResourcesBuildPhase;
			buildActionMask = 2147483647;
			files = (
				96B563A224219637006D595B /* pentagonalPrism.obj in Resources */,
				96B563AA24219BD5006D595B /* pentagonalPyramid.obj in Resources */,
				96B5639E24219398006D595B /* cylinder.obj in Resources */,
				9639DDBD243D5AE2000B309F /* cube.obj in Resources */,
				96B563A6242196BD006D595B /* tetrahedron.obj in Resources */,
				96B5639524218892006D595B /* semiSphere.obj in Resources */,
				961720F62378905C008E1298 /* LaunchScreen.storyboard in Resources */,
				961720F32378905C008E1298 /* Assets.xcassets in Resources */,
				96B563A42421966A006D595B /* octahedron.obj in Resources */,
				960ED8902392C3220037675A /* quadrilateralPyramid.obj in Resources */,
				96B5639324218707006D595B /* triangularPrism.obj in Resources */,
				961720F123789059008E1298 /* Main.storyboard in Resources */,
				96B563A824219AB3006D595B /* cone.obj in Resources */,
			);
			runOnlyForDeploymentPostprocessing = 0;
		};
/* End PBXResourcesBuildPhase section */

/* Begin PBXSourcesBuildPhase section */
		961720E223789059008E1298 /* Sources */ = {
			isa = PBXSourcesBuildPhase;
			buildActionMask = 2147483647;
			files = (
				961720FE2378906A008E1298 /* Cube.swift in Sources */,
				961720EC23789059008E1298 /* GameViewController.swift in Sources */,
				9639DDC524467331000B309F /* ConstructViewController.swift in Sources */,
				963112B324A1B0EC0080B421 /* CountDownView.swift in Sources */,
				96B563AD24256D4D006D595B /* TriangularPrism.swift in Sources */,
				96B563B1242570B2006D595B /* Cylinder.swift in Sources */,
				96B563BD24297D90006D595B /* GeometryEntity.swift in Sources */,
				963112AD24A15BCC0080B421 /* Board.swift in Sources */,
				9639DDB6243BFA87000B309F /* UIColor.swift in Sources */,
				963112A924A152E30080B421 /* Game.swift in Sources */,
				969CBC59243BF52B002152AA /* HomeViewController.swift in Sources */,
				9639DDC82460F74B000B309F /* StartGameView.swift in Sources */,
				9639DDC124453F6C000B309F /* PointsView.swift in Sources */,
				96B563AF24256FFE006D595B /* SemiSphere.swift in Sources */,
				963112AB24A15BB00080B421 /* GameDelegate.swift in Sources */,
				96B563BB242576FC006D595B /* PentagonalPyramid.swift in Sources */,
				96B563B724257304006D595B /* Tetrahedron.swift in Sources */,
				9639DDBF2445372B000B309F /* TimerView.swift in Sources */,
				96B563B92425758F006D595B /* Cone.swift in Sources */,
				9639DDC324454708000B309F /* EndGameView.swift in Sources */,
				96581785239612FB004C90D0 /* Floor.swift in Sources */,
				96B563B52425715E006D595B /* Octahedron.swift in Sources */,
				963112AF24A1695B0080B421 /* PlaceBoardView.swift in Sources */,
				96B563B3242570F5006D595B /* PentagonalPrism.swift in Sources */,
				9639DDBB243C07B7000B309F /* ArrowButtonView.swift in Sources */,
				960ED8922392C3950037675A /* QuadrilateralPyramid.swift in Sources */,
				961720EA23789059008E1298 /* AppDelegate.swift in Sources */,
				965855E424A29A4600521454 /* Array.swift in Sources */,
				9639DDB9243BFC30000B309F /* HomeButtonView.swift in Sources */,
			);
			runOnlyForDeploymentPostprocessing = 0;
		};
/* End PBXSourcesBuildPhase section */

/* Begin PBXVariantGroup section */
		961720EF23789059008E1298 /* Main.storyboard */ = {
			isa = PBXVariantGroup;
			children = (
				961720F023789059008E1298 /* Base */,
			);
			name = Main.storyboard;
			sourceTree = "<group>";
		};
		961720F42378905C008E1298 /* LaunchScreen.storyboard */ = {
			isa = PBXVariantGroup;
			children = (
				961720F52378905C008E1298 /* Base */,
			);
			name = LaunchScreen.storyboard;
			sourceTree = "<group>";
		};
/* End PBXVariantGroup section */

/* Begin XCBuildConfiguration section */
		961720F82378905C008E1298 /* Debug */ = {
			isa = XCBuildConfiguration;
			buildSettings = {
				ALWAYS_SEARCH_USER_PATHS = NO;
				CLANG_ANALYZER_NONNULL = YES;
				CLANG_ANALYZER_NUMBER_OBJECT_CONVERSION = YES_AGGRESSIVE;
				CLANG_CXX_LANGUAGE_STANDARD = "gnu++14";
				CLANG_CXX_LIBRARY = "libc++";
				CLANG_ENABLE_MODULES = YES;
				CLANG_ENABLE_OBJC_ARC = YES;
				CLANG_ENABLE_OBJC_WEAK = YES;
				CLANG_WARN_BLOCK_CAPTURE_AUTORELEASING = YES;
				CLANG_WARN_BOOL_CONVERSION = YES;
				CLANG_WARN_COMMA = YES;
				CLANG_WARN_CONSTANT_CONVERSION = YES;
				CLANG_WARN_DEPRECATED_OBJC_IMPLEMENTATIONS = YES;
				CLANG_WARN_DIRECT_OBJC_ISA_USAGE = YES_ERROR;
				CLANG_WARN_DOCUMENTATION_COMMENTS = YES;
				CLANG_WARN_EMPTY_BODY = YES;
				CLANG_WARN_ENUM_CONVERSION = YES;
				CLANG_WARN_INFINITE_RECURSION = YES;
				CLANG_WARN_INT_CONVERSION = YES;
				CLANG_WARN_NON_LITERAL_NULL_CONVERSION = YES;
				CLANG_WARN_OBJC_IMPLICIT_RETAIN_SELF = YES;
				CLANG_WARN_OBJC_LITERAL_CONVERSION = YES;
				CLANG_WARN_OBJC_ROOT_CLASS = YES_ERROR;
				CLANG_WARN_RANGE_LOOP_ANALYSIS = YES;
				CLANG_WARN_STRICT_PROTOTYPES = YES;
				CLANG_WARN_SUSPICIOUS_MOVE = YES;
				CLANG_WARN_UNGUARDED_AVAILABILITY = YES_AGGRESSIVE;
				CLANG_WARN_UNREACHABLE_CODE = YES;
				CLANG_WARN__DUPLICATE_METHOD_MATCH = YES;
				COPY_PHASE_STRIP = NO;
				DEBUG_INFORMATION_FORMAT = dwarf;
				ENABLE_STRICT_OBJC_MSGSEND = YES;
				ENABLE_TESTABILITY = YES;
				GCC_C_LANGUAGE_STANDARD = gnu11;
				GCC_DYNAMIC_NO_PIC = NO;
				GCC_NO_COMMON_BLOCKS = YES;
				GCC_OPTIMIZATION_LEVEL = 0;
				GCC_PREPROCESSOR_DEFINITIONS = (
					"DEBUG=1",
					"$(inherited)",
				);
				GCC_WARN_64_TO_32_BIT_CONVERSION = YES;
				GCC_WARN_ABOUT_RETURN_TYPE = YES_ERROR;
				GCC_WARN_UNDECLARED_SELECTOR = YES;
				GCC_WARN_UNINITIALIZED_AUTOS = YES_AGGRESSIVE;
				GCC_WARN_UNUSED_FUNCTION = YES;
				GCC_WARN_UNUSED_VARIABLE = YES;
				IPHONEOS_DEPLOYMENT_TARGET = 13.2;
				MTL_ENABLE_DEBUG_INFO = INCLUDE_SOURCE;
				MTL_FAST_MATH = YES;
				ONLY_ACTIVE_ARCH = YES;
				SDKROOT = iphoneos;
				SWIFT_ACTIVE_COMPILATION_CONDITIONS = DEBUG;
				SWIFT_OPTIMIZATION_LEVEL = "-Onone";
			};
			name = Debug;
		};
		961720F92378905C008E1298 /* Release */ = {
			isa = XCBuildConfiguration;
			buildSettings = {
				ALWAYS_SEARCH_USER_PATHS = NO;
				CLANG_ANALYZER_NONNULL = YES;
				CLANG_ANALYZER_NUMBER_OBJECT_CONVERSION = YES_AGGRESSIVE;
				CLANG_CXX_LANGUAGE_STANDARD = "gnu++14";
				CLANG_CXX_LIBRARY = "libc++";
				CLANG_ENABLE_MODULES = YES;
				CLANG_ENABLE_OBJC_ARC = YES;
				CLANG_ENABLE_OBJC_WEAK = YES;
				CLANG_WARN_BLOCK_CAPTURE_AUTORELEASING = YES;
				CLANG_WARN_BOOL_CONVERSION = YES;
				CLANG_WARN_COMMA = YES;
				CLANG_WARN_CONSTANT_CONVERSION = YES;
				CLANG_WARN_DEPRECATED_OBJC_IMPLEMENTATIONS = YES;
				CLANG_WARN_DIRECT_OBJC_ISA_USAGE = YES_ERROR;
				CLANG_WARN_DOCUMENTATION_COMMENTS = YES;
				CLANG_WARN_EMPTY_BODY = YES;
				CLANG_WARN_ENUM_CONVERSION = YES;
				CLANG_WARN_INFINITE_RECURSION = YES;
				CLANG_WARN_INT_CONVERSION = YES;
				CLANG_WARN_NON_LITERAL_NULL_CONVERSION = YES;
				CLANG_WARN_OBJC_IMPLICIT_RETAIN_SELF = YES;
				CLANG_WARN_OBJC_LITERAL_CONVERSION = YES;
				CLANG_WARN_OBJC_ROOT_CLASS = YES_ERROR;
				CLANG_WARN_RANGE_LOOP_ANALYSIS = YES;
				CLANG_WARN_STRICT_PROTOTYPES = YES;
				CLANG_WARN_SUSPICIOUS_MOVE = YES;
				CLANG_WARN_UNGUARDED_AVAILABILITY = YES_AGGRESSIVE;
				CLANG_WARN_UNREACHABLE_CODE = YES;
				CLANG_WARN__DUPLICATE_METHOD_MATCH = YES;
				COPY_PHASE_STRIP = NO;
				DEBUG_INFORMATION_FORMAT = "dwarf-with-dsym";
				ENABLE_NS_ASSERTIONS = NO;
				ENABLE_STRICT_OBJC_MSGSEND = YES;
				GCC_C_LANGUAGE_STANDARD = gnu11;
				GCC_NO_COMMON_BLOCKS = YES;
				GCC_WARN_64_TO_32_BIT_CONVERSION = YES;
				GCC_WARN_ABOUT_RETURN_TYPE = YES_ERROR;
				GCC_WARN_UNDECLARED_SELECTOR = YES;
				GCC_WARN_UNINITIALIZED_AUTOS = YES_AGGRESSIVE;
				GCC_WARN_UNUSED_FUNCTION = YES;
				GCC_WARN_UNUSED_VARIABLE = YES;
				IPHONEOS_DEPLOYMENT_TARGET = 13.2;
				MTL_ENABLE_DEBUG_INFO = NO;
				MTL_FAST_MATH = YES;
				SDKROOT = iphoneos;
				SWIFT_COMPILATION_MODE = wholemodule;
				SWIFT_OPTIMIZATION_LEVEL = "-O";
				VALIDATE_PRODUCT = YES;
			};
			name = Release;
		};
		961720FB2378905C008E1298 /* Debug */ = {
			isa = XCBuildConfiguration;
			buildSettings = {
				ASSETCATALOG_COMPILER_APPICON_NAME = AppIcon;
				CODE_SIGN_STYLE = Automatic;
				DEVELOPMENT_TEAM = 98PH68S7E9;
				INFOPLIST_FILE = TccPrototipo/Info.plist;
				IPHONEOS_DEPLOYMENT_TARGET = 13.1;
				LD_RUNPATH_SEARCH_PATHS = (
					"$(inherited)",
					"@executable_path/Frameworks",
				);
				PRODUCT_BUNDLE_IDENTIFIER = com.TccPrototipo;
				PRODUCT_NAME = "$(TARGET_NAME)";
				SWIFT_VERSION = 5.0;
				TARGETED_DEVICE_FAMILY = "1,2";
			};
			name = Debug;
		};
		961720FC2378905C008E1298 /* Release */ = {
			isa = XCBuildConfiguration;
			buildSettings = {
				ASSETCATALOG_COMPILER_APPICON_NAME = AppIcon;
				CODE_SIGN_STYLE = Automatic;
				DEVELOPMENT_TEAM = 98PH68S7E9;
				INFOPLIST_FILE = TccPrototipo/Info.plist;
				IPHONEOS_DEPLOYMENT_TARGET = 13.1;
				LD_RUNPATH_SEARCH_PATHS = (
					"$(inherited)",
					"@executable_path/Frameworks",
				);
				PRODUCT_BUNDLE_IDENTIFIER = com.TccPrototipo;
				PRODUCT_NAME = "$(TARGET_NAME)";
				SWIFT_VERSION = 5.0;
				TARGETED_DEVICE_FAMILY = "1,2";
			};
			name = Release;
		};
/* End XCBuildConfiguration section */

/* Begin XCConfigurationList section */
		961720E123789059008E1298 /* Build configuration list for PBXProject "TccPrototipo" */ = {
			isa = XCConfigurationList;
			buildConfigurations = (
				961720F82378905C008E1298 /* Debug */,
				961720F92378905C008E1298 /* Release */,
			);
			defaultConfigurationIsVisible = 0;
			defaultConfigurationName = Release;
		};
		961720FA2378905C008E1298 /* Build configuration list for PBXNativeTarget "TccPrototipo" */ = {
			isa = XCConfigurationList;
			buildConfigurations = (
				961720FB2378905C008E1298 /* Debug */,
				961720FC2378905C008E1298 /* Release */,
			);
			defaultConfigurationIsVisible = 0;
			defaultConfigurationName = Release;
		};
/* End XCConfigurationList section */
	};
	rootObject = 961720DE23789059008E1298 /* Project object */;
}
